{
  "object": {
    "pins": [
      {
        "package": "BridgeSDK",
        "repositoryURL": "https://github.com/Sage-Bionetworks/Bridge-iOS-SDK.git",
        "state": {
          "branch": null,
          "revision": "2539b6276028f8cfc2fe880bd4f73042331eccb2",
          "version": "4.4.85"
        }
      },
      {
        "package": "JsonModel",
        "repositoryURL": "https://github.com/Sage-Bionetworks/JsonModel-Swift.git",
        "state": {
          "branch": null,
          "revision": "b828a14b255c849199032b6d7eaec0e6be025115",
          "version": "1.4.6"
        }
      },
      {
        "package": "MobilePassiveData",
        "repositoryURL": "https://github.com/Sage-Bionetworks/MobilePassiveData-SDK.git",
        "state": {
          "branch": null,
          "revision": "9c48602422ff2de9404112b9f2ed98c0a9ca2c44",
          "version": "1.2.4"
        }
      },
      {
        "package": "SageResearch",
        "repositoryURL": "https://github.com/Sage-Bionetworks/SageResearch.git",
        "state": {
          "branch": null,
          "revision": "609d7ffd86024f1db94391c9aad1b908020536c3",
          "version": "4.4.0"
        }
      }
    ]
  },
  "version": 1
}
