{
  "object": {
    "pins": [
      {
        "package": "BridgeSDK",
        "repositoryURL": "https://github.com/Sage-Bionetworks/Bridge-iOS-SDK.git",
        "state": {
          "branch": null,
          "revision": "2539b6276028f8cfc2fe880bd4f73042331eccb2",
          "version": "4.4.85"
        }
      },
      {
        "package": "JsonModel",
        "repositoryURL": "https://github.com/Sage-Bionetworks/JsonModel-Swift.git",
        "state": {
          "branch": null,
          "revision": "3bb51b58f22e9c3bdc54ebc01137f669aed30f8b",
          "version": "1.2.3"
        }
      },
      {
        "package": "MobilePassiveData",
        "repositoryURL": "https://github.com/Sage-Bionetworks/MobilePassiveData-SDK.git",
        "state": {
          "branch": null,
          "revision": "6b8b0205e226ec25960f1369db107665334e0d34",
          "version": "1.0.0"
        }
      },
      {
        "package": "SageResearch",
        "repositoryURL": "https://github.com/Sage-Bionetworks/SageResearch.git",
        "state": {
          "branch": null,
          "revision": "14a0cb9b8c10ed780d2ff93072fd0510ab0ad951",
          "version": "4.2.4"
        }
      }
    ]
  },
  "version": 1
}
